
Microsoft Visual Studio Solution File, Format Version 12.00
# Visual Studio Version 17
VisualStudioVersion = 17.0.31717.71
MinimumVisualStudioVersion = 10.0.40219.1
Project("{9A19103F-16F7-4668-BE54-9A1E7A4F7556}") = "whitepaper.karpine.io", "whitepaper.karpine.io.csproj", "{6A405710-2C78-40A2-8154-A65761606875}"
EndProject
Global
	GlobalSection(SolutionConfigurationPlatforms) = preSolution
		Debug|Any CPU = Debug|Any CPU
		Release|Any CPU = Release|Any CPU
	EndGlobalSection
	GlobalSection(ProjectConfigurationPlatforms) = postSolution
		{6A405710-2C78-40A2-8154-A65761606875}.Debug|Any CPU.ActiveCfg = Debug|Any CPU
		{6A405710-2C78-40A2-8154-A65761606875}.Debug|Any CPU.Build.0 = Debug|Any CPU
		{6A405710-2C78-40A2-8154-A65761606875}.Release|Any CPU.ActiveCfg = Release|Any CPU
		{6A405710-2C78-40A2-8154-A65761606875}.Release|Any CPU.Build.0 = Release|Any CPU
	EndGlobalSection
	GlobalSection(SolutionProperties) = preSolution
		HideSolutionNode = FALSE
	EndGlobalSection
	GlobalSection(ExtensibilityGlobals) = postSolution
		SolutionGuid = {D0D98963-6D09-4B7D-8B0C-4D1D7AA9992A}
	EndGlobalSection
EndGlobal