
Microsoft Visual Studio Solution File, Format Version 12.00
# Visual Studio Version 17
VisualStudioVersion = 17.0.31903.59
MinimumVisualStudioVersion = 10.0.40219.1
Project("{FAE04EC0-301F-11D3-BF4B-00C04F79EFBC}") = "whitepaper.karpine.io", "whitepaper.karpine.io\whitepaper.karpine.io.csproj", "{C8125C92-F3C2-41D2-88AA-8AA7339215DC}"
EndProject
Global
	GlobalSection(SolutionConfigurationPlatforms) = preSolution
		Debug|Any CPU = Debug|Any CPU
		Release|Any CPU = Release|Any CPU
	EndGlobalSection
	GlobalSection(ProjectConfigurationPlatforms) = postSolution
		{C8125C92-F3C2-41D2-88AA-8AA7339215DC}.Debug|Any CPU.ActiveCfg = Debug|Any CPU
		{C8125C92-F3C2-41D2-88AA-8AA7339215DC}.Debug|Any CPU.Build.0 = Debug|Any CPU
		{C8125C92-F3C2-41D2-88AA-8AA7339215DC}.Release|Any CPU.ActiveCfg = Release|Any CPU
		{C8125C92-F3C2-41D2-88AA-8AA7339215DC}.Release|Any CPU.Build.0 = Release|Any CPU
	EndGlobalSection
	GlobalSection(SolutionProperties) = preSolution
		HideSolutionNode = FALSE
	EndGlobalSection
	GlobalSection(ExtensibilityGlobals) = postSolution
		SolutionGuid = {F8809F33-09CF-46B2-B1BF-93D45D514611}
	EndGlobalSection
	GlobalSection(TeamFoundationVersionControl) = preSolution
		SccNumberOfProjects = 2
		SccEnterpriseProvider = {4CA58AB2-18FA-4F8D-95D4-32DDF27D184C}
		SccTeamFoundationServer = https://tfs.karpine.io/karpine
		SccLocalPath0 = .
		SccProjectUniqueName1 = whitepaper.karpine.io\\whitepaper.karpine.io.csproj
		SccProjectName1 = whitepaper.karpine.io
		SccLocalPath1 = whitepaper.karpine.io
	EndGlobalSection
EndGlobal
